
Microsoft Visual Studio Solution File, Format Version 12.00
# Visual Studio Version 17
VisualStudioVersion = 17.7.34221.43
MinimumVisualStudioVersion = 10.0.40219.1
Project("{9A19103F-16F7-4668-BE54-9A1E7A4F7556}") = "App", "src\App\App.csproj", "{7D1A4F1E-9726-4AD6-A6AA-F6CF23301E7B}"
EndProject
Project("{2150E333-8FDC-42A3-9474-1A3956D46DE8}") = "_SolutionItems", "_SolutionItems", "{9C51CEFC-5B2C-4804-BB7E-32078532C66D}"
	ProjectSection(SolutionItems) = preProject
		.gitignore = .gitignore
		azure-pipeline-cd.yml = azure-pipeline-cd.yml
		LICENSE = LICENSE
		README.md = README.md
	EndProjectSection
EndProject
Project("{9A19103F-16F7-4668-BE54-9A1E7A4F7556}") = "Common", "src\Common\Common.csproj", "{C052A4DD-EB68-43BA-8B11-375991F82905}"
EndProject
Project("{FAE04EC0-301F-11D3-BF4B-00C04F79EFBC}") = "OfficialJokeApi", "src\APIs\OfficialJokeApi\OfficialJokeApi.csproj", "{A1E906B0-A3AB-449A-81AB-3C4E9F4DC517}"
EndProject
Project("{2150E333-8FDC-42A3-9474-1A3956D46DE8}") = "APIs", "APIs", "{02EA681E-C7D8-13C7-8484-4AC65E1B71E8}"
EndProject
Global
	GlobalSection(SolutionConfigurationPlatforms) = preSolution
		Debug|Any CPU = Debug|Any CPU
		Release|Any CPU = Release|Any CPU
	EndGlobalSection
	GlobalSection(ProjectConfigurationPlatforms) = postSolution
		{7D1A4F1E-9726-4AD6-A6AA-F6CF23301E7B}.Debug|Any CPU.ActiveCfg = Debug|Any CPU
		{7D1A4F1E-9726-4AD6-A6AA-F6CF23301E7B}.Debug|Any CPU.Build.0 = Debug|Any CPU
		{7D1A4F1E-9726-4AD6-A6AA-F6CF23301E7B}.Release|Any CPU.ActiveCfg = Release|Any CPU
		{7D1A4F1E-9726-4AD6-A6AA-F6CF23301E7B}.Release|Any CPU.Build.0 = Release|Any CPU
		{C052A4DD-EB68-43BA-8B11-375991F82905}.Debug|Any CPU.ActiveCfg = Debug|Any CPU
		{C052A4DD-EB68-43BA-8B11-375991F82905}.Debug|Any CPU.Build.0 = Debug|Any CPU
		{C052A4DD-EB68-43BA-8B11-375991F82905}.Release|Any CPU.ActiveCfg = Release|Any CPU
		{C052A4DD-EB68-43BA-8B11-375991F82905}.Release|Any CPU.Build.0 = Release|Any CPU
		{A1E906B0-A3AB-449A-81AB-3C4E9F4DC517}.Debug|Any CPU.ActiveCfg = Debug|Any CPU
		{A1E906B0-A3AB-449A-81AB-3C4E9F4DC517}.Debug|Any CPU.Build.0 = Debug|Any CPU
		{A1E906B0-A3AB-449A-81AB-3C4E9F4DC517}.Release|Any CPU.ActiveCfg = Release|Any CPU
		{A1E906B0-A3AB-449A-81AB-3C4E9F4DC517}.Release|Any CPU.Build.0 = Release|Any CPU
	EndGlobalSection
	GlobalSection(SolutionProperties) = preSolution
		HideSolutionNode = FALSE
	EndGlobalSection
	GlobalSection(NestedProjects) = preSolution
		{A1E906B0-A3AB-449A-81AB-3C4E9F4DC517} = {02EA681E-C7D8-13C7-8484-4AC65E1B71E8}
	EndGlobalSection
	GlobalSection(ExtensibilityGlobals) = postSolution
		SolutionGuid = {FCA10F10-AF58-4EF6-A9BC-43D6021717B9}
	EndGlobalSection
EndGlobal
